{
	"name": "y-sweet-server-worker",
	"version": "0.0.0",
	"lockfileVersion": 3,
	"requires": true,
	"packages": {
		"": {
			"version": "0.0.0",
			"devDependencies": {
				"wrangler": "^3.3.0"
			}
		},
		"node_modules/@cloudflare/kv-asset-handler": {
			"version": "0.2.0",
			"dev": true,
			"license": "MIT OR Apache-2.0",
			"dependencies": {
				"mime": "^3.0.0"
			}
		},
		"node_modules/@cloudflare/workerd-darwin-arm64": {
			"version": "1.20230717.0",
			"cpu": [
				"arm64"
			],
			"dev": true,
			"license": "Apache-2.0",
			"optional": true,
			"os": [
				"darwin"
			],
			"engines": {
				"node": ">=16"
			}
		},
		"node_modules/@esbuild-plugins/node-globals-polyfill": {
			"version": "0.1.1",
			"dev": true,
			"license": "ISC",
			"peerDependencies": {
				"esbuild": "*"
			}
		},
		"node_modules/@esbuild-plugins/node-modules-polyfill": {
			"version": "0.1.4",
			"dev": true,
			"license": "ISC",
			"dependencies": {
				"escape-string-regexp": "^4.0.0",
				"rollup-plugin-node-polyfills": "^0.2.1"
			},
			"peerDependencies": {
				"esbuild": "*"
			}
		},
		"node_modules/@esbuild/darwin-arm64": {
			"version": "0.16.3",
			"cpu": [
				"arm64"
			],
			"dev": true,
			"license": "MIT",
			"optional": true,
			"os": [
				"darwin"
			],
			"engines": {
				"node": ">=12"
			}
		},
		"node_modules/acorn": {
			"version": "8.10.0",
			"dev": true,
			"license": "MIT",
			"bin": {
				"acorn": "bin/acorn"
			},
			"engines": {
				"node": ">=0.4.0"
			}
		},
		"node_modules/acorn-walk": {
			"version": "8.2.0",
			"dev": true,
			"license": "MIT",
			"engines": {
				"node": ">=0.4.0"
			}
		},
		"node_modules/anymatch": {
			"version": "3.1.3",
			"dev": true,
			"license": "ISC",
			"dependencies": {
				"normalize-path": "^3.0.0",
				"picomatch": "^2.0.4"
			},
			"engines": {
				"node": ">= 8"
			}
		},
		"node_modules/as-table": {
			"version": "1.0.55",
			"dev": true,
			"license": "MIT",
			"dependencies": {
				"printable-characters": "^1.0.42"
			}
		},
		"node_modules/base64-js": {
			"version": "1.5.1",
			"dev": true,
			"funding": [
				{
					"type": "github",
					"url": "https://github.com/sponsors/feross"
				},
				{
					"type": "patreon",
					"url": "https://www.patreon.com/feross"
				},
				{
					"type": "consulting",
					"url": "https://feross.org/support"
				}
			],
			"license": "MIT"
		},
		"node_modules/better-sqlite3": {
			"version": "8.5.0",
			"dev": true,
			"hasInstallScript": true,
			"license": "MIT",
			"dependencies": {
				"bindings": "^1.5.0",
				"prebuild-install": "^7.1.0"
			}
		},
		"node_modules/binary-extensions": {
			"version": "2.2.0",
			"dev": true,
			"license": "MIT",
			"engines": {
				"node": ">=8"
			}
		},
		"node_modules/bindings": {
			"version": "1.5.0",
			"dev": true,
			"license": "MIT",
			"dependencies": {
				"file-uri-to-path": "1.0.0"
			}
		},
		"node_modules/bl": {
			"version": "4.1.0",
			"dev": true,
			"license": "MIT",
			"dependencies": {
				"buffer": "^5.5.0",
				"inherits": "^2.0.4",
				"readable-stream": "^3.4.0"
			}
		},
		"node_modules/blake3-wasm": {
			"version": "2.1.5",
			"dev": true,
			"license": "MIT"
		},
		"node_modules/braces": {
			"version": "3.0.2",
			"dev": true,
			"license": "MIT",
			"dependencies": {
				"fill-range": "^7.0.1"
			},
			"engines": {
				"node": ">=8"
			}
		},
		"node_modules/buffer": {
			"version": "5.7.1",
			"dev": true,
			"funding": [
				{
					"type": "github",
					"url": "https://github.com/sponsors/feross"
				},
				{
					"type": "patreon",
					"url": "https://www.patreon.com/feross"
				},
				{
					"type": "consulting",
					"url": "https://feross.org/support"
				}
			],
			"license": "MIT",
			"dependencies": {
				"base64-js": "^1.3.1",
				"ieee754": "^1.1.13"
			}
		},
		"node_modules/buffer-from": {
			"version": "1.1.2",
			"dev": true,
			"license": "MIT"
		},
		"node_modules/busboy": {
			"version": "1.6.0",
			"dev": true,
			"dependencies": {
				"streamsearch": "^1.1.0"
			},
			"engines": {
				"node": ">=10.16.0"
			}
		},
		"node_modules/capnp-ts": {
			"version": "0.7.0",
			"dev": true,
			"license": "MIT",
			"dependencies": {
				"debug": "^4.3.1",
				"tslib": "^2.2.0"
			}
		},
		"node_modules/chokidar": {
			"version": "3.5.3",
			"dev": true,
			"funding": [
				{
					"type": "individual",
					"url": "https://paulmillr.com/funding/"
				}
			],
			"license": "MIT",
			"dependencies": {
				"anymatch": "~3.1.2",
				"braces": "~3.0.2",
				"glob-parent": "~5.1.2",
				"is-binary-path": "~2.1.0",
				"is-glob": "~4.0.1",
				"normalize-path": "~3.0.0",
				"readdirp": "~3.6.0"
			},
			"engines": {
				"node": ">= 8.10.0"
			},
			"optionalDependencies": {
				"fsevents": "~2.3.2"
			}
		},
		"node_modules/chownr": {
			"version": "1.1.4",
			"dev": true,
			"license": "ISC"
		},
		"node_modules/cookie": {
			"version": "0.5.0",
			"dev": true,
			"license": "MIT",
			"engines": {
				"node": ">= 0.6"
			}
		},
		"node_modules/data-uri-to-buffer": {
			"version": "2.0.2",
			"dev": true,
			"license": "MIT"
		},
		"node_modules/debug": {
			"version": "4.3.4",
			"dev": true,
			"license": "MIT",
			"dependencies": {
				"ms": "2.1.2"
			},
			"engines": {
				"node": ">=6.0"
			},
			"peerDependenciesMeta": {
				"supports-color": {
					"optional": true
				}
			}
		},
		"node_modules/decompress-response": {
			"version": "6.0.0",
			"dev": true,
			"license": "MIT",
			"dependencies": {
				"mimic-response": "^3.1.0"
			},
			"engines": {
				"node": ">=10"
			},
			"funding": {
				"url": "https://github.com/sponsors/sindresorhus"
			}
		},
		"node_modules/deep-extend": {
			"version": "0.6.0",
			"dev": true,
			"license": "MIT",
			"engines": {
				"node": ">=4.0.0"
			}
		},
		"node_modules/detect-libc": {
			"version": "2.0.2",
			"dev": true,
			"license": "Apache-2.0",
			"engines": {
				"node": ">=8"
			}
		},
		"node_modules/end-of-stream": {
			"version": "1.4.4",
			"dev": true,
			"license": "MIT",
			"dependencies": {
				"once": "^1.4.0"
			}
		},
		"node_modules/esbuild": {
			"version": "0.16.3",
			"dev": true,
			"hasInstallScript": true,
			"license": "MIT",
			"bin": {
				"esbuild": "bin/esbuild"
			},
			"engines": {
				"node": ">=12"
			},
			"optionalDependencies": {
				"@esbuild/android-arm": "0.16.3",
				"@esbuild/android-arm64": "0.16.3",
				"@esbuild/android-x64": "0.16.3",
				"@esbuild/darwin-arm64": "0.16.3",
				"@esbuild/darwin-x64": "0.16.3",
				"@esbuild/freebsd-arm64": "0.16.3",
				"@esbuild/freebsd-x64": "0.16.3",
				"@esbuild/linux-arm": "0.16.3",
				"@esbuild/linux-arm64": "0.16.3",
				"@esbuild/linux-ia32": "0.16.3",
				"@esbuild/linux-loong64": "0.16.3",
				"@esbuild/linux-mips64el": "0.16.3",
				"@esbuild/linux-ppc64": "0.16.3",
				"@esbuild/linux-riscv64": "0.16.3",
				"@esbuild/linux-s390x": "0.16.3",
				"@esbuild/linux-x64": "0.16.3",
				"@esbuild/netbsd-x64": "0.16.3",
				"@esbuild/openbsd-x64": "0.16.3",
				"@esbuild/sunos-x64": "0.16.3",
				"@esbuild/win32-arm64": "0.16.3",
				"@esbuild/win32-ia32": "0.16.3",
				"@esbuild/win32-x64": "0.16.3"
			}
		},
		"node_modules/escape-string-regexp": {
			"version": "4.0.0",
			"dev": true,
			"license": "MIT",
			"engines": {
				"node": ">=10"
			},
			"funding": {
				"url": "https://github.com/sponsors/sindresorhus"
			}
		},
		"node_modules/estree-walker": {
			"version": "0.6.1",
			"dev": true,
			"license": "MIT"
		},
		"node_modules/exit-hook": {
			"version": "2.2.1",
			"dev": true,
			"license": "MIT",
			"engines": {
				"node": ">=6"
			},
			"funding": {
				"url": "https://github.com/sponsors/sindresorhus"
			}
		},
		"node_modules/expand-template": {
			"version": "2.0.3",
			"dev": true,
			"license": "(MIT OR WTFPL)",
			"engines": {
				"node": ">=6"
			}
		},
		"node_modules/file-uri-to-path": {
			"version": "1.0.0",
			"dev": true,
			"license": "MIT"
		},
		"node_modules/fill-range": {
			"version": "7.0.1",
			"dev": true,
			"license": "MIT",
			"dependencies": {
				"to-regex-range": "^5.0.1"
			},
			"engines": {
				"node": ">=8"
			}
		},
		"node_modules/fs-constants": {
			"version": "1.0.0",
			"dev": true,
			"license": "MIT"
		},
		"node_modules/fsevents": {
			"version": "2.3.2",
			"dev": true,
			"license": "MIT",
			"optional": true,
			"os": [
				"darwin"
			],
			"engines": {
				"node": "^8.16.0 || ^10.6.0 || >=11.0.0"
			}
		},
		"node_modules/get-source": {
			"version": "2.0.12",
			"dev": true,
			"license": "Unlicense",
			"dependencies": {
				"data-uri-to-buffer": "^2.0.0",
				"source-map": "^0.6.1"
			}
		},
		"node_modules/get-source/node_modules/source-map": {
			"version": "0.6.1",
			"dev": true,
			"license": "BSD-3-Clause",
			"engines": {
				"node": ">=0.10.0"
			}
		},
		"node_modules/github-from-package": {
			"version": "0.0.0",
			"dev": true,
			"license": "MIT"
		},
		"node_modules/glob-parent": {
			"version": "5.1.2",
			"dev": true,
			"license": "ISC",
			"dependencies": {
				"is-glob": "^4.0.1"
			},
			"engines": {
				"node": ">= 6"
			}
		},
		"node_modules/glob-to-regexp": {
			"version": "0.4.1",
			"dev": true,
			"license": "BSD-2-Clause"
		},
		"node_modules/http-cache-semantics": {
			"version": "4.1.1",
			"dev": true,
			"license": "BSD-2-Clause"
		},
		"node_modules/ieee754": {
			"version": "1.2.1",
			"dev": true,
			"funding": [
				{
					"type": "github",
					"url": "https://github.com/sponsors/feross"
				},
				{
					"type": "patreon",
					"url": "https://www.patreon.com/feross"
				},
				{
					"type": "consulting",
					"url": "https://feross.org/support"
				}
			],
			"license": "BSD-3-Clause"
		},
		"node_modules/inherits": {
			"version": "2.0.4",
			"dev": true,
			"license": "ISC"
		},
		"node_modules/ini": {
			"version": "1.3.8",
			"dev": true,
			"license": "ISC"
		},
		"node_modules/is-binary-path": {
			"version": "2.1.0",
			"dev": true,
			"license": "MIT",
			"dependencies": {
				"binary-extensions": "^2.0.0"
			},
			"engines": {
				"node": ">=8"
			}
		},
		"node_modules/is-extglob": {
			"version": "2.1.1",
			"dev": true,
			"license": "MIT",
			"engines": {
				"node": ">=0.10.0"
			}
		},
		"node_modules/is-glob": {
			"version": "4.0.3",
			"dev": true,
			"license": "MIT",
			"dependencies": {
				"is-extglob": "^2.1.1"
			},
			"engines": {
				"node": ">=0.10.0"
			}
		},
		"node_modules/is-number": {
			"version": "7.0.0",
			"dev": true,
			"license": "MIT",
			"engines": {
				"node": ">=0.12.0"
			}
		},
		"node_modules/kleur": {
			"version": "4.1.5",
			"dev": true,
			"license": "MIT",
			"engines": {
				"node": ">=6"
			}
		},
		"node_modules/lru-cache": {
			"version": "6.0.0",
			"dev": true,
			"license": "ISC",
			"dependencies": {
				"yallist": "^4.0.0"
			},
			"engines": {
				"node": ">=10"
			}
		},
		"node_modules/magic-string": {
			"version": "0.25.9",
			"dev": true,
			"license": "MIT",
			"dependencies": {
				"sourcemap-codec": "^1.4.8"
			}
		},
		"node_modules/mime": {
			"version": "3.0.0",
			"dev": true,
			"license": "MIT",
			"bin": {
				"mime": "cli.js"
			},
			"engines": {
				"node": ">=10.0.0"
			}
		},
		"node_modules/mimic-response": {
			"version": "3.1.0",
			"dev": true,
			"license": "MIT",
			"engines": {
				"node": ">=10"
			},
			"funding": {
				"url": "https://github.com/sponsors/sindresorhus"
			}
		},
		"node_modules/miniflare": {
			"version": "3.20230717.0",
			"dev": true,
			"license": "MIT",
			"dependencies": {
				"acorn": "^8.8.0",
				"acorn-walk": "^8.2.0",
				"better-sqlite3": "^8.1.0",
				"capnp-ts": "^0.7.0",
				"exit-hook": "^2.2.1",
				"glob-to-regexp": "^0.4.1",
				"http-cache-semantics": "^4.1.0",
				"kleur": "^4.1.5",
				"set-cookie-parser": "^2.6.0",
				"source-map-support": "0.5.21",
				"stoppable": "^1.1.0",
				"undici": "^5.13.0",
				"workerd": "1.20230717.0",
				"ws": "^8.11.0",
				"youch": "^3.2.2",
				"zod": "^3.20.6"
			},
			"engines": {
				"node": ">=16.13"
			}
		},
		"node_modules/minimist": {
			"version": "1.2.8",
			"dev": true,
			"license": "MIT",
			"funding": {
				"url": "https://github.com/sponsors/ljharb"
			}
		},
		"node_modules/mkdirp-classic": {
			"version": "0.5.3",
			"dev": true,
			"license": "MIT"
		},
		"node_modules/ms": {
			"version": "2.1.2",
			"dev": true,
			"license": "MIT"
		},
		"node_modules/mustache": {
			"version": "4.2.0",
			"dev": true,
			"license": "MIT",
			"bin": {
				"mustache": "bin/mustache"
			}
		},
		"node_modules/nanoid": {
			"version": "3.3.6",
			"dev": true,
			"funding": [
				{
					"type": "github",
					"url": "https://github.com/sponsors/ai"
				}
			],
			"license": "MIT",
			"bin": {
				"nanoid": "bin/nanoid.cjs"
			},
			"engines": {
				"node": "^10 || ^12 || ^13.7 || ^14 || >=15.0.1"
			}
		},
		"node_modules/napi-build-utils": {
			"version": "1.0.2",
			"dev": true,
			"license": "MIT"
		},
		"node_modules/node-abi": {
			"version": "3.45.0",
			"dev": true,
			"license": "MIT",
			"dependencies": {
				"semver": "^7.3.5"
			},
			"engines": {
				"node": ">=10"
			}
		},
		"node_modules/node-forge": {
			"version": "1.3.1",
			"dev": true,
			"license": "(BSD-3-Clause OR GPL-2.0)",
			"engines": {
				"node": ">= 6.13.0"
			}
		},
		"node_modules/normalize-path": {
			"version": "3.0.0",
			"dev": true,
			"license": "MIT",
			"engines": {
				"node": ">=0.10.0"
			}
		},
		"node_modules/once": {
			"version": "1.4.0",
			"dev": true,
			"license": "ISC",
			"dependencies": {
				"wrappy": "1"
			}
		},
		"node_modules/path-to-regexp": {
			"version": "6.2.1",
			"dev": true,
			"license": "MIT"
		},
		"node_modules/picomatch": {
			"version": "2.3.1",
			"dev": true,
			"license": "MIT",
			"engines": {
				"node": ">=8.6"
			},
			"funding": {
				"url": "https://github.com/sponsors/jonschlinkert"
			}
		},
		"node_modules/prebuild-install": {
			"version": "7.1.1",
			"dev": true,
			"license": "MIT",
			"dependencies": {
				"detect-libc": "^2.0.0",
				"expand-template": "^2.0.3",
				"github-from-package": "0.0.0",
				"minimist": "^1.2.3",
				"mkdirp-classic": "^0.5.3",
				"napi-build-utils": "^1.0.1",
				"node-abi": "^3.3.0",
				"pump": "^3.0.0",
				"rc": "^1.2.7",
				"simple-get": "^4.0.0",
				"tar-fs": "^2.0.0",
				"tunnel-agent": "^0.6.0"
			},
			"bin": {
				"prebuild-install": "bin.js"
			},
			"engines": {
				"node": ">=10"
			}
		},
		"node_modules/printable-characters": {
			"version": "1.0.42",
			"dev": true,
			"license": "Unlicense"
		},
		"node_modules/pump": {
			"version": "3.0.0",
			"dev": true,
			"license": "MIT",
			"dependencies": {
				"end-of-stream": "^1.1.0",
				"once": "^1.3.1"
			}
		},
		"node_modules/rc": {
			"version": "1.2.8",
			"dev": true,
			"license": "(BSD-2-Clause OR MIT OR Apache-2.0)",
			"dependencies": {
				"deep-extend": "^0.6.0",
				"ini": "~1.3.0",
				"minimist": "^1.2.0",
				"strip-json-comments": "~2.0.1"
			},
			"bin": {
				"rc": "cli.js"
			}
		},
		"node_modules/readable-stream": {
			"version": "3.6.2",
			"dev": true,
			"license": "MIT",
			"dependencies": {
				"inherits": "^2.0.3",
				"string_decoder": "^1.1.1",
				"util-deprecate": "^1.0.1"
			},
			"engines": {
				"node": ">= 6"
			}
		},
		"node_modules/readdirp": {
			"version": "3.6.0",
			"dev": true,
			"license": "MIT",
			"dependencies": {
				"picomatch": "^2.2.1"
			},
			"engines": {
				"node": ">=8.10.0"
			}
		},
		"node_modules/rollup-plugin-inject": {
			"version": "3.0.2",
			"dev": true,
			"license": "MIT",
			"dependencies": {
				"estree-walker": "^0.6.1",
				"magic-string": "^0.25.3",
				"rollup-pluginutils": "^2.8.1"
			}
		},
		"node_modules/rollup-plugin-node-polyfills": {
			"version": "0.2.1",
			"dev": true,
			"license": "MIT",
			"dependencies": {
				"rollup-plugin-inject": "^3.0.0"
			}
		},
		"node_modules/rollup-pluginutils": {
			"version": "2.8.2",
			"dev": true,
			"license": "MIT",
			"dependencies": {
				"estree-walker": "^0.6.1"
			}
		},
		"node_modules/safe-buffer": {
			"version": "5.2.1",
			"dev": true,
			"funding": [
				{
					"type": "github",
					"url": "https://github.com/sponsors/feross"
				},
				{
					"type": "patreon",
					"url": "https://www.patreon.com/feross"
				},
				{
					"type": "consulting",
					"url": "https://feross.org/support"
				}
			],
			"license": "MIT"
		},
		"node_modules/selfsigned": {
			"version": "2.1.1",
			"dev": true,
			"license": "MIT",
			"dependencies": {
				"node-forge": "^1"
			},
			"engines": {
				"node": ">=10"
			}
		},
		"node_modules/semver": {
			"version": "7.5.4",
			"dev": true,
			"license": "ISC",
			"dependencies": {
				"lru-cache": "^6.0.0"
			},
			"bin": {
				"semver": "bin/semver.js"
			},
			"engines": {
				"node": ">=10"
			}
		},
		"node_modules/set-cookie-parser": {
			"version": "2.6.0",
			"dev": true,
			"license": "MIT"
		},
		"node_modules/simple-concat": {
			"version": "1.0.1",
			"dev": true,
			"funding": [
				{
					"type": "github",
					"url": "https://github.com/sponsors/feross"
				},
				{
					"type": "patreon",
					"url": "https://www.patreon.com/feross"
				},
				{
					"type": "consulting",
					"url": "https://feross.org/support"
				}
			],
			"license": "MIT"
		},
		"node_modules/simple-get": {
			"version": "4.0.1",
			"dev": true,
			"funding": [
				{
					"type": "github",
					"url": "https://github.com/sponsors/feross"
				},
				{
					"type": "patreon",
					"url": "https://www.patreon.com/feross"
				},
				{
					"type": "consulting",
					"url": "https://feross.org/support"
				}
			],
			"license": "MIT",
			"dependencies": {
				"decompress-response": "^6.0.0",
				"once": "^1.3.1",
				"simple-concat": "^1.0.0"
			}
		},
		"node_modules/source-map": {
			"version": "0.7.4",
			"dev": true,
			"license": "BSD-3-Clause",
			"engines": {
				"node": ">= 8"
			}
		},
		"node_modules/source-map-support": {
			"version": "0.5.21",
			"dev": true,
			"license": "MIT",
			"dependencies": {
				"buffer-from": "^1.0.0",
				"source-map": "^0.6.0"
			}
		},
		"node_modules/source-map-support/node_modules/source-map": {
			"version": "0.6.1",
			"dev": true,
			"license": "BSD-3-Clause",
			"engines": {
				"node": ">=0.10.0"
			}
		},
		"node_modules/sourcemap-codec": {
			"version": "1.4.8",
			"dev": true,
			"license": "MIT"
		},
		"node_modules/stacktracey": {
			"version": "2.1.8",
			"dev": true,
			"license": "Unlicense",
			"dependencies": {
				"as-table": "^1.0.36",
				"get-source": "^2.0.12"
			}
		},
		"node_modules/stoppable": {
			"version": "1.1.0",
			"dev": true,
			"license": "MIT",
			"engines": {
				"node": ">=4",
				"npm": ">=6"
			}
		},
		"node_modules/streamsearch": {
			"version": "1.1.0",
			"dev": true,
			"engines": {
				"node": ">=10.0.0"
			}
		},
		"node_modules/string_decoder": {
			"version": "1.3.0",
			"dev": true,
			"license": "MIT",
			"dependencies": {
				"safe-buffer": "~5.2.0"
			}
		},
		"node_modules/strip-json-comments": {
			"version": "2.0.1",
			"dev": true,
			"license": "MIT",
			"engines": {
				"node": ">=0.10.0"
			}
		},
		"node_modules/tar-fs": {
			"version": "2.1.1",
			"dev": true,
			"license": "MIT",
			"dependencies": {
				"chownr": "^1.1.1",
				"mkdirp-classic": "^0.5.2",
				"pump": "^3.0.0",
				"tar-stream": "^2.1.4"
			}
		},
		"node_modules/tar-stream": {
			"version": "2.2.0",
			"dev": true,
			"license": "MIT",
			"dependencies": {
				"bl": "^4.0.3",
				"end-of-stream": "^1.4.1",
				"fs-constants": "^1.0.0",
				"inherits": "^2.0.3",
				"readable-stream": "^3.1.1"
			},
			"engines": {
				"node": ">=6"
			}
		},
		"node_modules/to-regex-range": {
			"version": "5.0.1",
			"dev": true,
			"license": "MIT",
			"dependencies": {
				"is-number": "^7.0.0"
			},
			"engines": {
				"node": ">=8.0"
			}
		},
		"node_modules/tslib": {
			"version": "2.6.0",
			"dev": true,
			"license": "0BSD"
		},
		"node_modules/tunnel-agent": {
			"version": "0.6.0",
			"dev": true,
			"license": "Apache-2.0",
			"dependencies": {
				"safe-buffer": "^5.0.1"
			},
			"engines": {
				"node": "*"
			}
		},
		"node_modules/undici": {
			"version": "5.22.1",
			"dev": true,
			"license": "MIT",
			"dependencies": {
				"busboy": "^1.6.0"
			},
			"engines": {
				"node": ">=14.0"
			}
		},
		"node_modules/util-deprecate": {
			"version": "1.0.2",
			"dev": true,
			"license": "MIT"
		},
		"node_modules/workerd": {
			"version": "1.20230717.0",
			"dev": true,
			"hasInstallScript": true,
			"license": "Apache-2.0",
			"bin": {
				"workerd": "bin/workerd"
			},
			"engines": {
				"node": ">=16"
			},
			"optionalDependencies": {
				"@cloudflare/workerd-darwin-64": "1.20230717.0",
				"@cloudflare/workerd-darwin-arm64": "1.20230717.0",
				"@cloudflare/workerd-linux-64": "1.20230717.0",
				"@cloudflare/workerd-linux-arm64": "1.20230717.0",
				"@cloudflare/workerd-windows-64": "1.20230717.0"
			}
		},
		"node_modules/wrangler": {
			"version": "3.3.0",
			"dev": true,
			"license": "MIT OR Apache-2.0",
			"dependencies": {
				"@cloudflare/kv-asset-handler": "^0.2.0",
				"@esbuild-plugins/node-globals-polyfill": "^0.1.1",
				"@esbuild-plugins/node-modules-polyfill": "^0.1.4",
				"blake3-wasm": "^2.1.5",
				"chokidar": "^3.5.3",
				"esbuild": "0.16.3",
				"miniflare": "3.20230717.0",
				"nanoid": "^3.3.3",
				"path-to-regexp": "^6.2.0",
				"selfsigned": "^2.0.1",
				"source-map": "^0.7.4",
				"xxhash-wasm": "^1.0.1"
			},
			"bin": {
				"wrangler": "bin/wrangler.js",
				"wrangler2": "bin/wrangler.js"
			},
			"engines": {
				"node": ">=16.13.0"
			},
			"optionalDependencies": {
				"fsevents": "~2.3.2"
			}
		},
		"node_modules/wrappy": {
			"version": "1.0.2",
			"dev": true,
			"license": "ISC"
		},
		"node_modules/ws": {
			"version": "8.13.0",
			"dev": true,
			"license": "MIT",
			"engines": {
				"node": ">=10.0.0"
			},
			"peerDependencies": {
				"bufferutil": "^4.0.1",
				"utf-8-validate": ">=5.0.2"
			},
			"peerDependenciesMeta": {
				"bufferutil": {
					"optional": true
				},
				"utf-8-validate": {
					"optional": true
				}
			}
		},
		"node_modules/xxhash-wasm": {
			"version": "1.0.2",
			"dev": true,
			"license": "MIT"
		},
		"node_modules/yallist": {
			"version": "4.0.0",
			"dev": true,
			"license": "ISC"
		},
		"node_modules/youch": {
			"version": "3.2.3",
			"dev": true,
			"license": "MIT",
			"dependencies": {
				"cookie": "^0.5.0",
				"mustache": "^4.2.0",
				"stacktracey": "^2.1.8"
			}
		},
		"node_modules/zod": {
			"version": "3.21.4",
			"dev": true,
			"license": "MIT",
			"funding": {
				"url": "https://github.com/sponsors/colinhacks"
			}
		}
	}
}
