version = 1
revision = 3
requires-python = ">=3.12"

[[package]]
name = "anyio"
version = "4.6.2.post1"
source = { registry = "https://pypi.org/simple" }
dependencies = [
    { name = "idna" },
    { name = "sniffio" },
]
sdist = { url = "https://files.pythonhosted.org/packages/9f/09/45b9b7a6d4e45c6bcb5bf61d19e3ab87df68e0601fa8c5293de3542546cc/anyio-4.6.2.post1.tar.gz", hash = "sha256:4c8bc31ccdb51c7f7bd251f51c609e038d63e34219b44aa86e47576389880b4c", size = 173422, upload-time = "2024-10-14T14:31:44.021Z" }
wheels = [
    { url = "https://files.pythonhosted.org/packages/e4/f5/f2b75d2fc6f1a260f340f0e7c6a060f4dd2961cc16884ed851b0d18da06a/anyio-4.6.2.post1-py3-none-any.whl", hash = "sha256:6d170c36fba3bdd840c73d3868c1e777e33676a69c3a72cf0a0d5d6d8009b61d", size = 90377, upload-time = "2024-10-14T14:31:42.623Z" },
]

[[package]]
name = "certifi"
version = "2024.8.30"
source = { registry = "https://pypi.org/simple" }
sdist = { url = "https://files.pythonhosted.org/packages/b0/ee/9b19140fe824b367c04c5e1b369942dd754c4c5462d5674002f75c4dedc1/certifi-2024.8.30.tar.gz", hash = "sha256:bec941d2aa8195e248a60b31ff9f0558284cf01a52591ceda73ea9afffd69fd9", size = 168507, upload-time = "2024-08-30T01:55:04.365Z" }
wheels = [
    { url = "https://files.pythonhosted.org/packages/12/90/3c9ff0512038035f59d279fddeb79f5f1eccd8859f06d6163c58798b9487/certifi-2024.8.30-py3-none-any.whl", hash = "sha256:922820b53db7a7257ffbda3f597266d435245903d80737e34f8a45ff3e3230d8", size = 167321, upload-time = "2024-08-30T01:55:02.591Z" },
]

[[package]]
name = "charset-normalizer"
version = "3.4.0"
source = { registry = "https://pypi.org/simple" }
sdist = { url = "https://files.pythonhosted.org/packages/f2/4f/e1808dc01273379acc506d18f1504eb2d299bd4131743b9fc54d7be4df1e/charset_normalizer-3.4.0.tar.gz", hash = "sha256:223217c3d4f82c3ac5e29032b3f1c2eb0fb591b72161f86d93f5719079dae93e", size = 106620, upload-time = "2024-10-09T07:40:20.413Z" }
wheels = [
    { url = "https://files.pythonhosted.org/packages/d3/0b/4b7a70987abf9b8196845806198975b6aab4ce016632f817ad758a5aa056/charset_normalizer-3.4.0-cp312-cp312-macosx_10_13_universal2.whl", hash = "sha256:0713f3adb9d03d49d365b70b84775d0a0d18e4ab08d12bc46baa6132ba78aaf6", size = 194445, upload-time = "2024-10-09T07:38:45.275Z" },
    { url = "https://files.pythonhosted.org/packages/50/89/354cc56cf4dd2449715bc9a0f54f3aef3dc700d2d62d1fa5bbea53b13426/charset_normalizer-3.4.0-cp312-cp312-macosx_10_13_x86_64.whl", hash = "sha256:de7376c29d95d6719048c194a9cf1a1b0393fbe8488a22008610b0361d834ecf", size = 125275, upload-time = "2024-10-09T07:38:46.449Z" },
    { url = "https://files.pythonhosted.org/packages/fa/44/b730e2a2580110ced837ac083d8ad222343c96bb6b66e9e4e706e4d0b6df/charset_normalizer-3.4.0-cp312-cp312-macosx_11_0_arm64.whl", hash = "sha256:4a51b48f42d9358460b78725283f04bddaf44a9358197b889657deba38f329db", size = 119020, upload-time = "2024-10-09T07:38:48.88Z" },
    { url = "https://files.pythonhosted.org/packages/9d/e4/9263b8240ed9472a2ae7ddc3e516e71ef46617fe40eaa51221ccd4ad9a27/charset_normalizer-3.4.0-cp312-cp312-manylinux_2_17_aarch64.manylinux2014_aarch64.whl", hash = "sha256:b295729485b06c1a0683af02a9e42d2caa9db04a373dc38a6a58cdd1e8abddf1", size = 139128, upload-time = "2024-10-09T07:38:49.86Z" },
    { url = "https://files.pythonhosted.org/packages/6b/e3/9f73e779315a54334240353eaea75854a9a690f3f580e4bd85d977cb2204/charset_normalizer-3.4.0-cp312-cp312-manylinux_2_17_ppc64le.manylinux2014_ppc64le.whl", hash = "sha256:ee803480535c44e7f5ad00788526da7d85525cfefaf8acf8ab9a310000be4b03", size = 149277, upload-time = "2024-10-09T07:38:52.306Z" },
    { url = "https://files.pythonhosted.org/packages/1a/cf/f1f50c2f295312edb8a548d3fa56a5c923b146cd3f24114d5adb7e7be558/charset_normalizer-3.4.0-cp312-cp312-manylinux_2_17_s390x.manylinux2014_s390x.whl", hash = "sha256:3d59d125ffbd6d552765510e3f31ed75ebac2c7470c7274195b9161a32350284", size = 142174, upload-time = "2024-10-09T07:38:53.458Z" },
    { url = "https://files.pythonhosted.org/packages/16/92/92a76dc2ff3a12e69ba94e7e05168d37d0345fa08c87e1fe24d0c2a42223/charset_normalizer-3.4.0-cp312-cp312-manylinux_2_17_x86_64.manylinux2014_x86_64.whl", hash = "sha256:8cda06946eac330cbe6598f77bb54e690b4ca93f593dee1568ad22b04f347c15", size = 143838, upload-time = "2024-10-09T07:38:54.691Z" },
    { url = "https://files.pythonhosted.org/packages/a4/01/2117ff2b1dfc61695daf2babe4a874bca328489afa85952440b59819e9d7/charset_normalizer-3.4.0-cp312-cp312-manylinux_2_5_i686.manylinux1_i686.manylinux_2_17_i686.manylinux2014_i686.whl", hash = "sha256:07afec21bbbbf8a5cc3651aa96b980afe2526e7f048fdfb7f1014d84acc8b6d8", size = 146149, upload-time = "2024-10-09T07:38:55.737Z" },
    { url = "https://files.pythonhosted.org/packages/f6/9b/93a332b8d25b347f6839ca0a61b7f0287b0930216994e8bf67a75d050255/charset_normalizer-3.4.0-cp312-cp312-musllinux_1_2_aarch64.whl", hash = "sha256:6b40e8d38afe634559e398cc32b1472f376a4099c75fe6299ae607e404c033b2", size = 140043, upload-time = "2024-10-09T07:38:57.44Z" },
    { url = "https://files.pythonhosted.org/packages/ab/f6/7ac4a01adcdecbc7a7587767c776d53d369b8b971382b91211489535acf0/charset_normalizer-3.4.0-cp312-cp312-musllinux_1_2_i686.whl", hash = "sha256:b8dcd239c743aa2f9c22ce674a145e0a25cb1566c495928440a181ca1ccf6719", size = 148229, upload-time = "2024-10-09T07:38:58.782Z" },
    { url = "https://files.pythonhosted.org/packages/9d/be/5708ad18161dee7dc6a0f7e6cf3a88ea6279c3e8484844c0590e50e803ef/charset_normalizer-3.4.0-cp312-cp312-musllinux_1_2_ppc64le.whl", hash = "sha256:84450ba661fb96e9fd67629b93d2941c871ca86fc38d835d19d4225ff946a631", size = 151556, upload-time = "2024-10-09T07:39:00.467Z" },
    { url = "https://files.pythonhosted.org/packages/5a/bb/3d8bc22bacb9eb89785e83e6723f9888265f3a0de3b9ce724d66bd49884e/charset_normalizer-3.4.0-cp312-cp312-musllinux_1_2_s390x.whl", hash = "sha256:44aeb140295a2f0659e113b31cfe92c9061622cadbc9e2a2f7b8ef6b1e29ef4b", size = 149772, upload-time = "2024-10-09T07:39:01.5Z" },
    { url = "https://files.pythonhosted.org/packages/f7/fa/d3fc622de05a86f30beea5fc4e9ac46aead4731e73fd9055496732bcc0a4/charset_normalizer-3.4.0-cp312-cp312-musllinux_1_2_x86_64.whl", hash = "sha256:1db4e7fefefd0f548d73e2e2e041f9df5c59e178b4c72fbac4cc6f535cfb1565", size = 144800, upload-time = "2024-10-09T07:39:02.491Z" },
    { url = "https://files.pythonhosted.org/packages/9a/65/bdb9bc496d7d190d725e96816e20e2ae3a6fa42a5cac99c3c3d6ff884118/charset_normalizer-3.4.0-cp312-cp312-win32.whl", hash = "sha256:5726cf76c982532c1863fb64d8c6dd0e4c90b6ece9feb06c9f202417a31f7dd7", size = 94836, upload-time = "2024-10-09T07:39:04.607Z" },
    { url = "https://files.pythonhosted.org/packages/3e/67/7b72b69d25b89c0b3cea583ee372c43aa24df15f0e0f8d3982c57804984b/charset_normalizer-3.4.0-cp312-cp312-win_amd64.whl", hash = "sha256:b197e7094f232959f8f20541ead1d9862ac5ebea1d58e9849c1bf979255dfac9", size = 102187, upload-time = "2024-10-09T07:39:06.247Z" },
    { url = "https://files.pythonhosted.org/packages/f3/89/68a4c86f1a0002810a27f12e9a7b22feb198c59b2f05231349fbce5c06f4/charset_normalizer-3.4.0-cp313-cp313-macosx_10_13_universal2.whl", hash = "sha256:dd4eda173a9fcccb5f2e2bd2a9f423d180194b1bf17cf59e3269899235b2a114", size = 194617, upload-time = "2024-10-09T07:39:07.317Z" },
    { url = "https://files.pythonhosted.org/packages/4f/cd/8947fe425e2ab0aa57aceb7807af13a0e4162cd21eee42ef5b053447edf5/charset_normalizer-3.4.0-cp313-cp313-macosx_10_13_x86_64.whl", hash = "sha256:e9e3c4c9e1ed40ea53acf11e2a386383c3304212c965773704e4603d589343ed", size = 125310, upload-time = "2024-10-09T07:39:08.353Z" },
    { url = "https://files.pythonhosted.org/packages/5b/f0/b5263e8668a4ee9becc2b451ed909e9c27058337fda5b8c49588183c267a/charset_normalizer-3.4.0-cp313-cp313-macosx_11_0_arm64.whl", hash = "sha256:92a7e36b000bf022ef3dbb9c46bfe2d52c047d5e3f3343f43204263c5addc250", size = 119126, upload-time = "2024-10-09T07:39:09.327Z" },
    { url = "https://files.pythonhosted.org/packages/ff/6e/e445afe4f7fda27a533f3234b627b3e515a1b9429bc981c9a5e2aa5d97b6/charset_normalizer-3.4.0-cp313-cp313-manylinux_2_17_aarch64.manylinux2014_aarch64.whl", hash = "sha256:54b6a92d009cbe2fb11054ba694bc9e284dad30a26757b1e372a1fdddaf21920", size = 139342, upload-time = "2024-10-09T07:39:10.322Z" },
    { url = "https://files.pythonhosted.org/packages/a1/b2/4af9993b532d93270538ad4926c8e37dc29f2111c36f9c629840c57cd9b3/charset_normalizer-3.4.0-cp313-cp313-manylinux_2_17_ppc64le.manylinux2014_ppc64le.whl", hash = "sha256:1ffd9493de4c922f2a38c2bf62b831dcec90ac673ed1ca182fe11b4d8e9f2a64", size = 149383, upload-time = "2024-10-09T07:39:12.042Z" },
    { url = "https://files.pythonhosted.org/packages/fb/6f/4e78c3b97686b871db9be6f31d64e9264e889f8c9d7ab33c771f847f79b7/charset_normalizer-3.4.0-cp313-cp313-manylinux_2_17_s390x.manylinux2014_s390x.whl", hash = "sha256:35c404d74c2926d0287fbd63ed5d27eb911eb9e4a3bb2c6d294f3cfd4a9e0c23", size = 142214, upload-time = "2024-10-09T07:39:13.059Z" },
    { url = "https://files.pythonhosted.org/packages/2b/c9/1c8fe3ce05d30c87eff498592c89015b19fade13df42850aafae09e94f35/charset_normalizer-3.4.0-cp313-cp313-manylinux_2_17_x86_64.manylinux2014_x86_64.whl", hash = "sha256:4796efc4faf6b53a18e3d46343535caed491776a22af773f366534056c4e1fbc", size = 144104, upload-time = "2024-10-09T07:39:14.815Z" },
    { url = "https://files.pythonhosted.org/packages/ee/68/efad5dcb306bf37db7db338338e7bb8ebd8cf38ee5bbd5ceaaaa46f257e6/charset_normalizer-3.4.0-cp313-cp313-manylinux_2_5_i686.manylinux1_i686.manylinux_2_17_i686.manylinux2014_i686.whl", hash = "sha256:e7fdd52961feb4c96507aa649550ec2a0d527c086d284749b2f582f2d40a2e0d", size = 146255, upload-time = "2024-10-09T07:39:15.868Z" },
    { url = "https://files.pythonhosted.org/packages/0c/75/1ed813c3ffd200b1f3e71121c95da3f79e6d2a96120163443b3ad1057505/charset_normalizer-3.4.0-cp313-cp313-musllinux_1_2_aarch64.whl", hash = "sha256:92db3c28b5b2a273346bebb24857fda45601aef6ae1c011c0a997106581e8a88", size = 140251, upload-time = "2024-10-09T07:39:16.995Z" },
    { url = "https://files.pythonhosted.org/packages/7d/0d/6f32255c1979653b448d3c709583557a4d24ff97ac4f3a5be156b2e6a210/charset_normalizer-3.4.0-cp313-cp313-musllinux_1_2_i686.whl", hash = "sha256:ab973df98fc99ab39080bfb0eb3a925181454d7c3ac8a1e695fddfae696d9e90", size = 148474, upload-time = "2024-10-09T07:39:18.021Z" },
    { url = "https://files.pythonhosted.org/packages/ac/a0/c1b5298de4670d997101fef95b97ac440e8c8d8b4efa5a4d1ef44af82f0d/charset_normalizer-3.4.0-cp313-cp313-musllinux_1_2_ppc64le.whl", hash = "sha256:4b67fdab07fdd3c10bb21edab3cbfe8cf5696f453afce75d815d9d7223fbe88b", size = 151849, upload-time = "2024-10-09T07:39:19.243Z" },
    { url = "https://files.pythonhosted.org/packages/04/4f/b3961ba0c664989ba63e30595a3ed0875d6790ff26671e2aae2fdc28a399/charset_normalizer-3.4.0-cp313-cp313-musllinux_1_2_s390x.whl", hash = "sha256:aa41e526a5d4a9dfcfbab0716c7e8a1b215abd3f3df5a45cf18a12721d31cb5d", size = 149781, upload-time = "2024-10-09T07:39:20.397Z" },
    { url = "https://files.pythonhosted.org/packages/d8/90/6af4cd042066a4adad58ae25648a12c09c879efa4849c705719ba1b23d8c/charset_normalizer-3.4.0-cp313-cp313-musllinux_1_2_x86_64.whl", hash = "sha256:ffc519621dce0c767e96b9c53f09c5d215578e10b02c285809f76509a3931482", size = 144970, upload-time = "2024-10-09T07:39:21.452Z" },
    { url = "https://files.pythonhosted.org/packages/cc/67/e5e7e0cbfefc4ca79025238b43cdf8a2037854195b37d6417f3d0895c4c2/charset_normalizer-3.4.0-cp313-cp313-win32.whl", hash = "sha256:f19c1585933c82098c2a520f8ec1227f20e339e33aca8fa6f956f6691b784e67", size = 94973, upload-time = "2024-10-09T07:39:22.509Z" },
    { url = "https://files.pythonhosted.org/packages/65/97/fc9bbc54ee13d33dc54a7fcf17b26368b18505500fc01e228c27b5222d80/charset_normalizer-3.4.0-cp313-cp313-win_amd64.whl", hash = "sha256:707b82d19e65c9bd28b81dde95249b07bf9f5b90ebe1ef17d9b57473f8a64b7b", size = 102308, upload-time = "2024-10-09T07:39:23.524Z" },
    { url = "https://files.pythonhosted.org/packages/bf/9b/08c0432272d77b04803958a4598a51e2a4b51c06640af8b8f0f908c18bf2/charset_normalizer-3.4.0-py3-none-any.whl", hash = "sha256:fe9f97feb71aa9896b81973a7bbada8c49501dc73e58a10fcef6663af95e5079", size = 49446, upload-time = "2024-10-09T07:40:19.383Z" },
]

[[package]]
name = "colorama"
version = "0.4.6"
source = { registry = "https://pypi.org/simple" }
sdist = { url = "https://files.pythonhosted.org/packages/d8/53/6f443c9a4a8358a93a6792e2acffb9d9d5cb0a5cfd8802644b7b1c9a02e4/colorama-0.4.6.tar.gz", hash = "sha256:08695f5cb7ed6e0531a20572697297273c47b8cae5a63ffc6d6ed5c201be6e44", size = 27697, upload-time = "2022-10-25T02:36:22.414Z" }
wheels = [
    { url = "https://files.pythonhosted.org/packages/d1/d6/3965ed04c63042e047cb6a3e6ed1a63a35087b6a609aa3a15ed8ac56c221/colorama-0.4.6-py2.py3-none-any.whl", hash = "sha256:4f1d9991f5acc0ca119f9d443620b77f9d6b33703e51011c16baf57afb285fc6", size = 25335, upload-time = "2022-10-25T02:36:20.889Z" },
]

[[package]]
name = "idna"
version = "3.10"
source = { registry = "https://pypi.org/simple" }
sdist = { url = "https://files.pythonhosted.org/packages/f1/70/7703c29685631f5a7590aa73f1f1d3fa9a380e654b86af429e0934a32f7d/idna-3.10.tar.gz", hash = "sha256:12f65c9b470abda6dc35cf8e63cc574b1c52b11df2c86030af0ac09b01b13ea9", size = 190490, upload-time = "2024-09-15T18:07:39.745Z" }
wheels = [
    { url = "https://files.pythonhosted.org/packages/76/c6/c88e154df9c4e1a2a66ccf0005a88dfb2650c1dffb6f5ce603dfbd452ce3/idna-3.10-py3-none-any.whl", hash = "sha256:946d195a0d259cbba61165e88e65941f16e9b36ea6ddb97f00452bae8b1287d3", size = 70442, upload-time = "2024-09-15T18:07:37.964Z" },
]

[[package]]
name = "iniconfig"
version = "2.0.0"
source = { registry = "https://pypi.org/simple" }
sdist = { url = "https://files.pythonhosted.org/packages/d7/4b/cbd8e699e64a6f16ca3a8220661b5f83792b3017d0f79807cb8708d33913/iniconfig-2.0.0.tar.gz", hash = "sha256:2d91e135bf72d31a410b17c16da610a82cb55f6b0477d1a902134b24a455b8b3", size = 4646, upload-time = "2023-01-07T11:08:11.254Z" }
wheels = [
    { url = "https://files.pythonhosted.org/packages/ef/a6/62565a6e1cf69e10f5727360368e451d4b7f58beeac6173dc9db836a5b46/iniconfig-2.0.0-py3-none-any.whl", hash = "sha256:b6a85871a79d2e3b22d2d1b94ac2824226a63c6b741c88f7ae975f18b6778374", size = 5892, upload-time = "2023-01-07T11:08:09.864Z" },
]

[[package]]
name = "packaging"
version = "24.2"
source = { registry = "https://pypi.org/simple" }
sdist = { url = "https://files.pythonhosted.org/packages/d0/63/68dbb6eb2de9cb10ee4c9c14a0148804425e13c4fb20d61cce69f53106da/packaging-24.2.tar.gz", hash = "sha256:c228a6dc5e932d346bc5739379109d49e8853dd8223571c7c5b55260edc0b97f", size = 163950, upload-time = "2024-11-08T09:47:47.202Z" }
wheels = [
    { url = "https://files.pythonhosted.org/packages/88/ef/eb23f262cca3c0c4eb7ab1933c3b1f03d021f2c48f54763065b6f0e321be/packaging-24.2-py3-none-any.whl", hash = "sha256:09abb1bccd265c01f4a3aa3f7a7db064b36514d2cba19a2f694fe6150451a759", size = 65451, upload-time = "2024-11-08T09:47:44.722Z" },
]

[[package]]
name = "pluggy"
version = "1.5.0"
source = { registry = "https://pypi.org/simple" }
sdist = { url = "https://files.pythonhosted.org/packages/96/2d/02d4312c973c6050a18b314a5ad0b3210edb65a906f868e31c111dede4a6/pluggy-1.5.0.tar.gz", hash = "sha256:2cffa88e94fdc978c4c574f15f9e59b7f4201d439195c3715ca9e2486f1d0cf1", size = 67955, upload-time = "2024-04-20T21:34:42.531Z" }
wheels = [
    { url = "https://files.pythonhosted.org/packages/88/5f/e351af9a41f866ac3f1fac4ca0613908d9a41741cfcf2228f4ad853b697d/pluggy-1.5.0-py3-none-any.whl", hash = "sha256:44e1ad92c8ca002de6377e165f3e0f1be63266ab4d554740532335b9d75ea669", size = 20556, upload-time = "2024-04-20T21:34:40.434Z" },
]

[[package]]
name = "pycrdt"
version = "0.12.34"
source = { registry = "https://pypi.org/simple" }
dependencies = [
    { name = "anyio" },
]
sdist = { url = "https://files.pythonhosted.org/packages/18/97/b77e908004bde2c61fe180255ad769db27ee1a2f6ec849ab46af28816f85/pycrdt-0.12.34.tar.gz", hash = "sha256:901b8f1765620c365dfbffd8ab01a07cb5b9aec3a3de1f4944ade2099cf8a773", size = 79497, upload-time = "2025-09-19T13:22:49.762Z" }
wheels = [
    { url = "https://files.pythonhosted.org/packages/fe/f0/3d506e4863f505dcc7b11221a3172c145e69ee825be5a19d88dc950fa299/pycrdt-0.12.34-cp312-cp312-macosx_10_12_x86_64.macosx_11_0_arm64.macosx_10_12_universal2.whl", hash = "sha256:988088b8f8ec0a41f40de494ca50377d3c153bfe6180c38738c2627e4d7d8376", size = 1714472, upload-time = "2025-09-19T13:21:36.343Z" },
    { url = "https://files.pythonhosted.org/packages/65/4d/11928579cd9f83cee4495e40410ec62c2f887bfff0bbc6139a7873c31a28/pycrdt-0.12.34-cp312-cp312-manylinux_2_17_aarch64.manylinux2014_aarch64.whl", hash = "sha256:08e989cb1e29de9835039571e00b0ed99af5bd4d148ff11ecce7bf0f18b42912", size = 937033, upload-time = "2025-09-19T13:21:37.869Z" },
    { url = "https://files.pythonhosted.org/packages/86/fd/e3e6eb6360d24716b773426d4232262317a9c23337df4d16d0ce3a88472d/pycrdt-0.12.34-cp312-cp312-manylinux_2_17_armv7l.manylinux2014_armv7l.whl", hash = "sha256:c8f8fa34789eb6594ef0f78fbb877e4972743bfb4e7c169abc132dc631979647", size = 965051, upload-time = "2025-09-19T13:21:39.362Z" },
    { url = "https://files.pythonhosted.org/packages/5d/42/d05f49c6b6372dc7016dbd51224f5400e90c155949bdefc74d872fc5f528/pycrdt-0.12.34-cp312-cp312-manylinux_2_17_ppc64le.manylinux2014_ppc64le.whl", hash = "sha256:212748cfb0f5f052f9d05de899064f5bf505982268e6cf407bfbafd918748a54", size = 1155869, upload-time = "2025-09-19T13:21:40.913Z" },
    { url = "https://files.pythonhosted.org/packages/7a/9c/8ba1f238e31e36604c10675d996db1a39c7761d0429062af5424240cc809/pycrdt-0.12.34-cp312-cp312-manylinux_2_17_s390x.manylinux2014_s390x.whl", hash = "sha256:12d49bce018bb2f75585dcb1a70109a5e020b27b745a82877af2be572d48442b", size = 1000790, upload-time = "2025-09-19T13:21:42.496Z" },
    { url = "https://files.pythonhosted.org/packages/ea/0f/8be5d194faaab49a956ad3d9ffe7b01eb2fe495ee8a96f5c4f3d61b0611c/pycrdt-0.12.34-cp312-cp312-manylinux_2_17_x86_64.manylinux2014_x86_64.whl", hash = "sha256:3df52cd146b65d3f1c82840442d871921ea3fe4e169763df9f7436f705100764", size = 953202, upload-time = "2025-09-19T13:21:43.959Z" },
    { url = "https://files.pythonhosted.org/packages/1a/52/c843fd9a7965c32b43a2c05fa0cd78f971a9f17ad495f27d6d6952003170/pycrdt-0.12.34-cp312-cp312-manylinux_2_5_i686.manylinux1_i686.whl", hash = "sha256:b8d288d1a0df39da5314a482972596c268b5dd2ed593d354f04790f71ce126b7", size = 1042759, upload-time = "2025-09-19T13:21:45.511Z" },
    { url = "https://files.pythonhosted.org/packages/41/a0/040b86ae9991f655e70a01b66363094f38dc8ce21ef09ee81cbc0ec7342f/pycrdt-0.12.34-cp312-cp312-win32.whl", hash = "sha256:93861a3775bc630c090023c92051374a68cc8eeb6f9ca72c1338834e4bf683c8", size = 693141, upload-time = "2025-09-19T13:21:47.179Z" },
    { url = "https://files.pythonhosted.org/packages/08/fc/bb199a6a4b7e4ac81e55f680320aa20dcfc190da3e7daaaeb17b7c30266e/pycrdt-0.12.34-cp312-cp312-win_amd64.whl", hash = "sha256:fc60e6d3bf7fc81f3793a681b768637ae2d0dcc9be10763278585e5f7279ba4e", size = 740152, upload-time = "2025-09-19T13:21:48.65Z" },
    { url = "https://files.pythonhosted.org/packages/e2/ed/d48c6ce4dcb1a826a4a737a314a53b9aed2eac4a6bbd1b1e4380f390de26/pycrdt-0.12.34-cp313-cp313-macosx_10_12_x86_64.macosx_11_0_arm64.macosx_10_12_universal2.whl", hash = "sha256:7e0cc85cab61275f397573958e39d2184724337ba25f8dec77d2b6757b594158", size = 1714492, upload-time = "2025-09-19T13:21:50.304Z" },
    { url = "https://files.pythonhosted.org/packages/c9/25/462e3481c737cf9f64d123767e00cd6569be869af7c54b3321f8d65a6047/pycrdt-0.12.34-cp313-cp313-manylinux_2_17_aarch64.manylinux2014_aarch64.whl", hash = "sha256:4f5a8e6402c0673eee72b100c9760ffdd233af1ddbe71032f590c50eab0cfc8a", size = 936734, upload-time = "2025-09-19T13:21:51.974Z" },
    { url = "https://files.pythonhosted.org/packages/f8/1f/88f16334b8091d1f5151b69bddcfc016f3ec303d4eaafbc5313c4072ce48/pycrdt-0.12.34-cp313-cp313-manylinux_2_17_armv7l.manylinux2014_armv7l.whl", hash = "sha256:f1cac7f33b2c13fd01e14a710e0273eff6320562d764d27a1c9a28abbe18ca4f", size = 965392, upload-time = "2025-09-19T13:21:53.594Z" },
    { url = "https://files.pythonhosted.org/packages/08/08/3862c108aae212a46520975b774650a6302724bbad51ada1207a23532178/pycrdt-0.12.34-cp313-cp313-manylinux_2_17_ppc64le.manylinux2014_ppc64le.whl", hash = "sha256:980a6dae6e241075f2d5e192aa8b9e0a97248dba4478cebd6238b0771890ce4e", size = 1156304, upload-time = "2025-09-19T13:21:55.153Z" },
    { url = "https://files.pythonhosted.org/packages/6f/cc/0429fc5d90623ae01b40f16e84b061e406e3ab6b9c0ca9a218c484f51a2c/pycrdt-0.12.34-cp313-cp313-manylinux_2_17_s390x.manylinux2014_s390x.whl", hash = "sha256:49f391fdf9aacea782c2735259c6de73d9f682f183e29b3ef1a614b5e8747eae", size = 1001140, upload-time = "2025-09-19T13:21:56.773Z" },
    { url = "https://files.pythonhosted.org/packages/75/9e/77e8287945fe4889ec50eaa6bf99d2f10b7cf3c88ec07af3836ee20a0fc2/pycrdt-0.12.34-cp313-cp313-manylinux_2_17_x86_64.manylinux2014_x86_64.whl", hash = "sha256:33006849bbff61e6d5709eea3719c16ffdcc32a46806b7c58c2103a6d4b4423e", size = 952675, upload-time = "2025-09-19T13:21:58.488Z" },
    { url = "https://files.pythonhosted.org/packages/6c/54/4a4033cd3f054d3855040d99b448584cd9f12a7a961d91aa3b477aa917d0/pycrdt-0.12.34-cp313-cp313-manylinux_2_5_i686.manylinux1_i686.whl", hash = "sha256:1eac1648c9839d66c3a15a3045e46cbd3d7cb4cee0f3e787a47bf8ecdfcfbe46", size = 1042599, upload-time = "2025-09-19T13:22:00.084Z" },
    { url = "https://files.pythonhosted.org/packages/c2/e3/d448fb9e5fb35dd1fa0d87d532fb03eff5e248f709527d6fb7d4efa5f5e3/pycrdt-0.12.34-cp313-cp313-win32.whl", hash = "sha256:0be37b6aba47a74dbac3bd9cef0d34244b62caaa724513a8383b3d5232d68748", size = 693295, upload-time = "2025-09-19T13:22:01.644Z" },
    { url = "https://files.pythonhosted.org/packages/d5/12/c6adf41dee27144e9ab0fa09d343ba30024da0259c5d4f02856c87402791/pycrdt-0.12.34-cp313-cp313-win_amd64.whl", hash = "sha256:1ace392370bcc7ff2301e4e3765f449fb3c7ed38fa0232321be2f400722fed1e", size = 740351, upload-time = "2025-09-19T13:22:03.447Z" },
]

[[package]]
name = "pytest"
version = "8.3.3"
source = { registry = "https://pypi.org/simple" }
dependencies = [
    { name = "colorama", marker = "sys_platform == 'win32'" },
    { name = "iniconfig" },
    { name = "packaging" },
    { name = "pluggy" },
]
sdist = { url = "https://files.pythonhosted.org/packages/8b/6c/62bbd536103af674e227c41a8f3dcd022d591f6eed5facb5a0f31ee33bbc/pytest-8.3.3.tar.gz", hash = "sha256:70b98107bd648308a7952b06e6ca9a50bc660be218d53c257cc1fc94fda10181", size = 1442487, upload-time = "2024-09-10T10:52:15.003Z" }
wheels = [
    { url = "https://files.pythonhosted.org/packages/6b/77/7440a06a8ead44c7757a64362dd22df5760f9b12dc5f11b6188cd2fc27a0/pytest-8.3.3-py3-none-any.whl", hash = "sha256:a6853c7375b2663155079443d2e45de913a911a11d669df02a50814944db57b2", size = 342341, upload-time = "2024-09-10T10:52:12.54Z" },
]

[[package]]
name = "requests"
version = "2.32.3"
source = { registry = "https://pypi.org/simple" }
dependencies = [
    { name = "certifi" },
    { name = "charset-normalizer" },
    { name = "idna" },
    { name = "urllib3" },
]
sdist = { url = "https://files.pythonhosted.org/packages/63/70/2bf7780ad2d390a8d301ad0b550f1581eadbd9a20f896afe06353c2a2913/requests-2.32.3.tar.gz", hash = "sha256:55365417734eb18255590a9ff9eb97e9e1da868d4ccd6402399eaf68af20a760", size = 131218, upload-time = "2024-05-29T15:37:49.536Z" }
wheels = [
    { url = "https://files.pythonhosted.org/packages/f9/9b/335f9764261e915ed497fcdeb11df5dfd6f7bf257d4a6a2a686d80da4d54/requests-2.32.3-py3-none-any.whl", hash = "sha256:70761cfe03c773ceb22aa2f671b4757976145175cdfca038c02654d061d6dcc6", size = 64928, upload-time = "2024-05-29T15:37:47.027Z" },
]

[[package]]
name = "ruff"
version = "0.8.0"
source = { registry = "https://pypi.org/simple" }
sdist = { url = "https://files.pythonhosted.org/packages/b2/d6/a2373f3ba7180ddb44420d2a9d1f1510e1a4d162b3d27282bedcb09c8da9/ruff-0.8.0.tar.gz", hash = "sha256:a7ccfe6331bf8c8dad715753e157457faf7351c2b69f62f32c165c2dbcbacd44", size = 3276537, upload-time = "2024-11-22T10:07:56.012Z" }
wheels = [
    { url = "https://files.pythonhosted.org/packages/ec/77/e889ee3ce7fd8baa3ed1b77a03b9fb8ec1be68be1418261522fd6a5405e0/ruff-0.8.0-py3-none-linux_armv6l.whl", hash = "sha256:fcb1bf2cc6706adae9d79c8d86478677e3bbd4ced796ccad106fd4776d395fea", size = 10518283, upload-time = "2024-11-22T10:07:07.866Z" },
    { url = "https://files.pythonhosted.org/packages/da/c8/0a47de01edf19fb22f5f9b7964f46a68d0bdff20144d134556ffd1ba9154/ruff-0.8.0-py3-none-macosx_10_12_x86_64.whl", hash = "sha256:295bb4c02d58ff2ef4378a1870c20af30723013f441c9d1637a008baaf928c8b", size = 10317691, upload-time = "2024-11-22T10:07:10.246Z" },
    { url = "https://files.pythonhosted.org/packages/41/17/9885e4a0eeae07abd2a4ebabc3246f556719f24efa477ba2739146c4635a/ruff-0.8.0-py3-none-macosx_11_0_arm64.whl", hash = "sha256:7b1f1c76b47c18fa92ee78b60d2d20d7e866c55ee603e7d19c1e991fad933a9a", size = 9940999, upload-time = "2024-11-22T10:07:13.132Z" },
    { url = "https://files.pythonhosted.org/packages/3e/cd/46b6f7043597eb318b5f5482c8ae8f5491cccce771e85f59d23106f2d179/ruff-0.8.0-py3-none-manylinux_2_17_aarch64.manylinux2014_aarch64.whl", hash = "sha256:eb0d4f250a7711b67ad513fde67e8870109e5ce590a801c3722580fe98c33a99", size = 10772437, upload-time = "2024-11-22T10:07:15.499Z" },
    { url = "https://files.pythonhosted.org/packages/5d/87/afc95aeb8bc78b1d8a3461717a4419c05aa8aa943d4c9cbd441630f85584/ruff-0.8.0-py3-none-manylinux_2_17_armv7l.manylinux2014_armv7l.whl", hash = "sha256:0e55cce9aa93c5d0d4e3937e47b169035c7e91c8655b0974e61bb79cf398d49c", size = 10299156, upload-time = "2024-11-22T10:07:18.058Z" },
    { url = "https://files.pythonhosted.org/packages/65/fa/04c647bb809c4d65e8eae1ed1c654d9481b21dd942e743cd33511687b9f9/ruff-0.8.0-py3-none-manylinux_2_17_i686.manylinux2014_i686.whl", hash = "sha256:3f4cd64916d8e732ce6b87f3f5296a8942d285bbbc161acee7fe561134af64f9", size = 11325819, upload-time = "2024-11-22T10:07:20.991Z" },
    { url = "https://files.pythonhosted.org/packages/90/26/7dad6e7d833d391a8a1afe4ee70ca6f36c4a297d3cca83ef10e83e9aacf3/ruff-0.8.0-py3-none-manylinux_2_17_ppc64.manylinux2014_ppc64.whl", hash = "sha256:c5c1466be2a2ebdf7c5450dd5d980cc87c8ba6976fb82582fea18823da6fa362", size = 12023927, upload-time = "2024-11-22T10:07:24.327Z" },
    { url = "https://files.pythonhosted.org/packages/24/a0/be5296dda6428ba8a13bda8d09fbc0e14c810b485478733886e61597ae2b/ruff-0.8.0-py3-none-manylinux_2_17_ppc64le.manylinux2014_ppc64le.whl", hash = "sha256:2dabfd05b96b7b8f2da00d53c514eea842bff83e41e1cceb08ae1966254a51df", size = 11589702, upload-time = "2024-11-22T10:07:27.459Z" },
    { url = "https://files.pythonhosted.org/packages/26/3f/7602eb11d2886db545834182a9dbe500b8211fcbc9b4064bf9d358bbbbb4/ruff-0.8.0-py3-none-manylinux_2_17_s390x.manylinux2014_s390x.whl", hash = "sha256:facebdfe5a5af6b1588a1d26d170635ead6892d0e314477e80256ef4a8470cf3", size = 12782936, upload-time = "2024-11-22T10:07:29.959Z" },
    { url = "https://files.pythonhosted.org/packages/4c/5d/083181bdec4ec92a431c1291d3fff65eef3ded630a4b55eb735000ef5f3b/ruff-0.8.0-py3-none-manylinux_2_17_x86_64.manylinux2014_x86_64.whl", hash = "sha256:87a8e86bae0dbd749c815211ca11e3a7bd559b9710746c559ed63106d382bd9c", size = 11138488, upload-time = "2024-11-22T10:07:33.139Z" },
    { url = "https://files.pythonhosted.org/packages/b7/23/c12cdef58413cee2436d6a177aa06f7a366ebbca916cf10820706f632459/ruff-0.8.0-py3-none-musllinux_1_2_aarch64.whl", hash = "sha256:85e654f0ded7befe2d61eeaf3d3b1e4ef3894469cd664ffa85006c7720f1e4a2", size = 10744474, upload-time = "2024-11-22T10:07:35.427Z" },
    { url = "https://files.pythonhosted.org/packages/29/61/a12f3b81520083cd7c5caa24ba61bb99fd1060256482eff0ef04cc5ccd1b/ruff-0.8.0-py3-none-musllinux_1_2_armv7l.whl", hash = "sha256:83a55679c4cb449fa527b8497cadf54f076603cc36779b2170b24f704171ce70", size = 10369029, upload-time = "2024-11-22T10:07:38.639Z" },
    { url = "https://files.pythonhosted.org/packages/08/2a/c013f4f3e4a54596c369cee74c24870ed1d534f31a35504908b1fc97017a/ruff-0.8.0-py3-none-musllinux_1_2_i686.whl", hash = "sha256:812e2052121634cf13cd6fddf0c1871d0ead1aad40a1a258753c04c18bb71bbd", size = 10867481, upload-time = "2024-11-22T10:07:41Z" },
    { url = "https://files.pythonhosted.org/packages/d5/f7/685b1e1d42a3e94ceb25eab23c70bdd8c0ab66a43121ef83fe6db5a58756/ruff-0.8.0-py3-none-musllinux_1_2_x86_64.whl", hash = "sha256:780d5d8523c04202184405e60c98d7595bdb498c3c6abba3b6d4cdf2ca2af426", size = 11237117, upload-time = "2024-11-22T10:07:43.989Z" },
    { url = "https://files.pythonhosted.org/packages/03/20/401132c0908e8837625e3b7e32df9962e7cd681a4df1e16a10e2a5b4ecda/ruff-0.8.0-py3-none-win32.whl", hash = "sha256:5fdb6efecc3eb60bba5819679466471fd7d13c53487df7248d6e27146e985468", size = 8783511, upload-time = "2024-11-22T10:07:47.494Z" },
    { url = "https://files.pythonhosted.org/packages/1d/5c/4d800fca7854f62ad77f2c0d99b4b585f03e2d87a6ec1ecea85543a14a3c/ruff-0.8.0-py3-none-win_amd64.whl", hash = "sha256:582891c57b96228d146725975fbb942e1f30a0c4ba19722e692ca3eb25cc9b4f", size = 9559876, upload-time = "2024-11-22T10:07:50.138Z" },
    { url = "https://files.pythonhosted.org/packages/5b/bc/cc8a6a5ca4960b226dc15dd8fb511dd11f2014ff89d325c0b9b9faa9871f/ruff-0.8.0-py3-none-win_arm64.whl", hash = "sha256:ba93e6294e9a737cd726b74b09a6972e36bb511f9a102f1d9a7e1ce94dd206a6", size = 8939733, upload-time = "2024-11-22T10:07:53.04Z" },
]

[[package]]
name = "sniffio"
version = "1.3.1"
source = { registry = "https://pypi.org/simple" }
sdist = { url = "https://files.pythonhosted.org/packages/a2/87/a6771e1546d97e7e041b6ae58d80074f81b7d5121207425c964ddf5cfdbd/sniffio-1.3.1.tar.gz", hash = "sha256:f4324edc670a0f49750a81b895f35c3adb843cca46f0530f79fc1babb23789dc", size = 20372, upload-time = "2024-02-25T23:20:04.057Z" }
wheels = [
    { url = "https://files.pythonhosted.org/packages/e9/44/75a9c9421471a6c4805dbf2356f7c181a29c1879239abab1ea2cc8f38b40/sniffio-1.3.1-py3-none-any.whl", hash = "sha256:2f6da418d1f1e0fddd844478f41680e794e6051915791a034ff65e5f100525a2", size = 10235, upload-time = "2024-02-25T23:20:01.196Z" },
]

[[package]]
name = "urllib3"
version = "2.2.3"
source = { registry = "https://pypi.org/simple" }
sdist = { url = "https://files.pythonhosted.org/packages/ed/63/22ba4ebfe7430b76388e7cd448d5478814d3032121827c12a2cc287e2260/urllib3-2.2.3.tar.gz", hash = "sha256:e7d814a81dad81e6caf2ec9fdedb284ecc9c73076b62654547cc64ccdcae26e9", size = 300677, upload-time = "2024-09-12T10:52:18.401Z" }
wheels = [
    { url = "https://files.pythonhosted.org/packages/ce/d9/5f4c13cecde62396b0d3fe530a50ccea91e7dfc1ccf0e09c228841bb5ba8/urllib3-2.2.3-py3-none-any.whl", hash = "sha256:ca899ca043dcb1bafa3e262d73aa25c465bfb49e0bd9dd5d59f1d0acba2f8fac", size = 126338, upload-time = "2024-09-12T10:52:16.589Z" },
]

[[package]]
name = "y-sweet-sdk"
version = "0.9.1"
source = { editable = "." }
dependencies = [
    { name = "pycrdt" },
    { name = "requests" },
]

[package.dev-dependencies]
dev = [
    { name = "pytest" },
    { name = "ruff" },
]

[package.metadata]
requires-dist = [
    { name = "pycrdt", specifier = ">=0.9.11,<0.13.0" },
    { name = "requests", specifier = "~=2.32.2" },
]

[package.metadata.requires-dev]
dev = [
    { name = "pytest", specifier = ">=8.3.3" },
    { name = "ruff", specifier = ">=0.8.0" },
]
